Microsoft Visual Studio Solution File, Format Version 12.00
# Visual Studio Version 17
VisualStudioVersion = 17.5.2.0
MinimumVisualStudioVersion = 10.0.40219.1
Project("{FAE04EC0-301F-11D3-BF4B-00C04F79EFBC}") = "WebHookPOC", "WebHookPOC.csproj", "{9B439793-DF69-2EF2-1BFF-48593D65AA6D}"
EndProject
Global
	GlobalSection(SolutionConfigurationPlatforms) = preSolution
		Debug|Any CPU = Debug|Any CPU
		Release|Any CPU = Release|Any CPU
	EndGlobalSection
	GlobalSection(ProjectConfigurationPlatforms) = postSolution
		{9B439793-DF69-2EF2-1BFF-48593D65AA6D}.Debug|Any CPU.ActiveCfg = Debug|Any CPU
		{9B439793-DF69-2EF2-1BFF-48593D65AA6D}.Debug|Any CPU.Build.0 = Debug|Any CPU
		{9B439793-DF69-2EF2-1BFF-48593D65AA6D}.Release|Any CPU.ActiveCfg = Release|Any CPU
		{9B439793-DF69-2EF2-1BFF-48593D65AA6D}.Release|Any CPU.Build.0 = Release|Any CPU
	EndGlobalSection
	GlobalSection(SolutionProperties) = preSolution
		HideSolutionNode = FALSE
	EndGlobalSection
	GlobalSection(ExtensibilityGlobals) = postSolution
		SolutionGuid = {EC8494AB-C438-4E74-B436-DDCBD4F233A9}
	EndGlobalSection
EndGlobal
